
Microsoft Visual Studio Solution File, Format Version 12.00
# Visual Studio Version 16
VisualStudioVersion = 16.0.32228.343
MinimumVisualStudioVersion = 10.0.40219.1
Project("{8BC9CEB8-8B4A-11D0-8D11-00A0C91BC942}") = "字符串的加密和解密", "字符串的加密和解密\字符串的加密和解密.vcxproj", "{DEC6667C-F8CC-47AD-9C7E-E76F33F7BDF5}"
EndProject
Global
	GlobalSection(SolutionConfigurationPlatforms) = preSolution
		Debug|x64 = Debug|x64
		Debug|x86 = Debug|x86
		Release|x64 = Release|x64
		Release|x86 = Release|x86
	EndGlobalSection
	GlobalSection(ProjectConfigurationPlatforms) = postSolution
		{DEC6667C-F8CC-47AD-9C7E-E76F33F7BDF5}.Debug|x64.ActiveCfg = Debug|x64
		{DEC6667C-F8CC-47AD-9C7E-E76F33F7BDF5}.Debug|x64.Build.0 = Debug|x64
		{DEC6667C-F8CC-47AD-9C7E-E76F33F7BDF5}.Debug|x86.ActiveCfg = Debug|Win32
		{DEC6667C-F8CC-47AD-9C7E-E76F33F7BDF5}.Debug|x86.Build.0 = Debug|Win32
		{DEC6667C-F8CC-47AD-9C7E-E76F33F7BDF5}.Release|x64.ActiveCfg = Release|x64
		{DEC6667C-F8CC-47AD-9C7E-E76F33F7BDF5}.Release|x64.Build.0 = Release|x64
		{DEC6667C-F8CC-47AD-9C7E-E76F33F7BDF5}.Release|x86.ActiveCfg = Release|Win32
		{DEC6667C-F8CC-47AD-9C7E-E76F33F7BDF5}.Release|x86.Build.0 = Release|Win32
	EndGlobalSection
	GlobalSection(SolutionProperties) = preSolution
		HideSolutionNode = FALSE
	EndGlobalSection
	GlobalSection(ExtensibilityGlobals) = postSolution
		SolutionGuid = {4BC96385-7539-473F-B2BE-71DA9137CE59}
	EndGlobalSection
EndGlobal
